
Microsoft Visual Studio Solution File, Format Version 12.00
# Visual Studio 2015
Project("{FAE04EC0-301F-11D3-BF4B-00C04F79EFBC}") = "unity2", "unity2.csproj", "{50D676F2-E626-C2D7-588F-9964EDAE1DBB}"
EndProject
Global
	GlobalSection(SolutionConfigurationPlatforms) = preSolution
		Debug|Any CPU = Debug|Any CPU
		Release|Any CPU = Release|Any CPU
	EndGlobalSection
	GlobalSection(ProjectConfigurationPlatforms) = postSolution
		{50D676F2-E626-C2D7-588F-9964EDAE1DBB}.Debug|Any CPU.ActiveCfg = Debug|Any CPU
		{50D676F2-E626-C2D7-588F-9964EDAE1DBB}.Debug|Any CPU.Build.0 = Debug|Any CPU
		{50D676F2-E626-C2D7-588F-9964EDAE1DBB}.Release|Any CPU.ActiveCfg = Release|Any CPU
		{50D676F2-E626-C2D7-588F-9964EDAE1DBB}.Release|Any CPU.Build.0 = Release|Any CPU
	EndGlobalSection
	GlobalSection(SolutionProperties) = preSolution
		HideSolutionNode = FALSE
	EndGlobalSection
EndGlobal
